
Microsoft Visual Studio Solution File, Format Version 12.00
# Visual Studio Version 17
VisualStudioVersion = 17.8.34316.72
MinimumVisualStudioVersion = 10.0.40219.1
Project("{9A19103F-16F7-4668-BE54-9A1E7A4F7556}") = "Ecommerce.Web", "Ecommerce.Web\Ecommerce.Web.csproj", "{7F65A86C-F068-433C-B794-8B661611484C}"
EndProject
Project("{9A19103F-16F7-4668-BE54-9A1E7A4F7556}") = "Ecommerce.Admin", "Ecommerce.Admin\Ecommerce.Admin.csproj", "{A6DDA7D2-2AD0-4936-A69D-A51B34CE06B1}"
EndProject
Project("{9A19103F-16F7-4668-BE54-9A1E7A4F7556}") = "Ecommerce.Shared", "Ecommerce.Shared\Ecommerce.Shared.csproj", "{BE69A0B8-6DB6-4784-822C-5DC6A36406CE}"
EndProject
Project("{9A19103F-16F7-4668-BE54-9A1E7A4F7556}") = "Ecommerce.Mailer", "Ecommerce.Mailer\Ecommerce.Mailer.csproj", "{270EF60F-888D-4904-B798-F4C7D3BCC909}"
EndProject
Project("{9A19103F-16F7-4668-BE54-9A1E7A4F7556}") = "Ecommerce.Agent", "Ecommerce.Web.Mvc.Agent\Ecommerce.Agent.csproj", "{53D735A2-FD85-4B7A-B30F-EDF3362749F9}"
EndProject
Project("{9A19103F-16F7-4668-BE54-9A1E7A4F7556}") = "Ecommerce.Cicosafe", "Ecommerce.Cicosafe\Ecommerce.Cicosafe.csproj", "{34ACA6D0-395C-421C-9C09-150A3838A697}"
EndProject
Global
	GlobalSection(SolutionConfigurationPlatforms) = preSolution
		Debug|Any CPU = Debug|Any CPU
		Release|Any CPU = Release|Any CPU
	EndGlobalSection
	GlobalSection(ProjectConfigurationPlatforms) = postSolution
		{7F65A86C-F068-433C-B794-8B661611484C}.Debug|Any CPU.ActiveCfg = Debug|Any CPU
		{7F65A86C-F068-433C-B794-8B661611484C}.Debug|Any CPU.Build.0 = Debug|Any CPU
		{7F65A86C-F068-433C-B794-8B661611484C}.Release|Any CPU.ActiveCfg = Release|Any CPU
		{7F65A86C-F068-433C-B794-8B661611484C}.Release|Any CPU.Build.0 = Release|Any CPU
		{A6DDA7D2-2AD0-4936-A69D-A51B34CE06B1}.Debug|Any CPU.ActiveCfg = Debug|Any CPU
		{A6DDA7D2-2AD0-4936-A69D-A51B34CE06B1}.Debug|Any CPU.Build.0 = Debug|Any CPU
		{A6DDA7D2-2AD0-4936-A69D-A51B34CE06B1}.Release|Any CPU.ActiveCfg = Release|Any CPU
		{A6DDA7D2-2AD0-4936-A69D-A51B34CE06B1}.Release|Any CPU.Build.0 = Release|Any CPU
		{BE69A0B8-6DB6-4784-822C-5DC6A36406CE}.Debug|Any CPU.ActiveCfg = Debug|Any CPU
		{BE69A0B8-6DB6-4784-822C-5DC6A36406CE}.Debug|Any CPU.Build.0 = Debug|Any CPU
		{BE69A0B8-6DB6-4784-822C-5DC6A36406CE}.Release|Any CPU.ActiveCfg = Release|Any CPU
		{BE69A0B8-6DB6-4784-822C-5DC6A36406CE}.Release|Any CPU.Build.0 = Release|Any CPU
		{270EF60F-888D-4904-B798-F4C7D3BCC909}.Debug|Any CPU.ActiveCfg = Debug|Any CPU
		{270EF60F-888D-4904-B798-F4C7D3BCC909}.Debug|Any CPU.Build.0 = Debug|Any CPU
		{270EF60F-888D-4904-B798-F4C7D3BCC909}.Release|Any CPU.ActiveCfg = Release|Any CPU
		{270EF60F-888D-4904-B798-F4C7D3BCC909}.Release|Any CPU.Build.0 = Release|Any CPU
		{53D735A2-FD85-4B7A-B30F-EDF3362749F9}.Debug|Any CPU.ActiveCfg = Debug|Any CPU
		{53D735A2-FD85-4B7A-B30F-EDF3362749F9}.Debug|Any CPU.Build.0 = Debug|Any CPU
		{53D735A2-FD85-4B7A-B30F-EDF3362749F9}.Release|Any CPU.ActiveCfg = Release|Any CPU
		{53D735A2-FD85-4B7A-B30F-EDF3362749F9}.Release|Any CPU.Build.0 = Release|Any CPU
		{34ACA6D0-395C-421C-9C09-150A3838A697}.Debug|Any CPU.ActiveCfg = Debug|Any CPU
		{34ACA6D0-395C-421C-9C09-150A3838A697}.Debug|Any CPU.Build.0 = Debug|Any CPU
		{34ACA6D0-395C-421C-9C09-150A3838A697}.Release|Any CPU.ActiveCfg = Release|Any CPU
		{34ACA6D0-395C-421C-9C09-150A3838A697}.Release|Any CPU.Build.0 = Release|Any CPU
	EndGlobalSection
	GlobalSection(SolutionProperties) = preSolution
		HideSolutionNode = FALSE
	EndGlobalSection
	GlobalSection(ExtensibilityGlobals) = postSolution
		SolutionGuid = {E004AFAC-594F-48F4-A6CC-39DB55ED7212}
	EndGlobalSection
EndGlobal
